
Microsoft Visual Studio Solution File, Format Version 12.00
# Visual Studio Version 16
VisualStudioVersion = 16.0.31205.134
MinimumVisualStudioVersion = 10.0.40219.1
Project("{9A19103F-16F7-4668-BE54-9A1E7A4F7556}") = "BlazorElementTest", "BlazorElementTest\BlazorElementTest.csproj", "{36BF73CE-DF56-47B0-8258-6A92C01E352C}"
EndProject
Project("{9A19103F-16F7-4668-BE54-9A1E7A4F7556}") = "EksterneElements", "BlazorElements\EksterneElements.csproj", "{CE4CC50A-26D3-4595-A2AA-CB18F151AAAF}"
EndProject
Global
	GlobalSection(SolutionConfigurationPlatforms) = preSolution
		Debug|Any CPU = Debug|Any CPU
		Release|Any CPU = Release|Any CPU
	EndGlobalSection
	GlobalSection(ProjectConfigurationPlatforms) = postSolution
		{36BF73CE-DF56-47B0-8258-6A92C01E352C}.Debug|Any CPU.ActiveCfg = Debug|Any CPU
		{36BF73CE-DF56-47B0-8258-6A92C01E352C}.Debug|Any CPU.Build.0 = Debug|Any CPU
		{36BF73CE-DF56-47B0-8258-6A92C01E352C}.Release|Any CPU.ActiveCfg = Release|Any CPU
		{36BF73CE-DF56-47B0-8258-6A92C01E352C}.Release|Any CPU.Build.0 = Release|Any CPU
		{CE4CC50A-26D3-4595-A2AA-CB18F151AAAF}.Debug|Any CPU.ActiveCfg = Debug|Any CPU
		{CE4CC50A-26D3-4595-A2AA-CB18F151AAAF}.Debug|Any CPU.Build.0 = Debug|Any CPU
		{CE4CC50A-26D3-4595-A2AA-CB18F151AAAF}.Release|Any CPU.ActiveCfg = Release|Any CPU
		{CE4CC50A-26D3-4595-A2AA-CB18F151AAAF}.Release|Any CPU.Build.0 = Release|Any CPU
	EndGlobalSection
	GlobalSection(SolutionProperties) = preSolution
		HideSolutionNode = FALSE
	EndGlobalSection
	GlobalSection(ExtensibilityGlobals) = postSolution
		SolutionGuid = {790D9042-0C5D-4AAC-8DF8-D2FDA7FA50CA}
	EndGlobalSection
EndGlobal
